<?xml version="1.0" encoding="utf-8"?>
<Project ToolsVersion="4.0" xmlns="http://schemas.microsoft.com/developer/msbuild/2003">
  <ItemGroup>
    <Filter Include="Файлы исходного кода">
      <UniqueIdentifier>{4FC737F1-C7A5-4376-A066-2A32D752A2FF}</UniqueIdentifier>
      <Extensions>cpp;c;cc;cxx;def;odl;idl;hpj;bat;asm;asmx</Extensions>
    </Filter>
    <Filter Include="Заголовочные файлы">
      <UniqueIdentifier>{93995380-89BD-4b04-88EB-625FBE52EBFB}</UniqueIdentifier>
      <Extensions>h;hh;hpp;hxx;hm;inl;inc;xsd</Extensions>
    </Filter>
    <Filter Include="Файлы ресурсов">
      <UniqueIdentifier>{67DA6AB6-F800-4c08-8B7A-83BB121AAD01}</UniqueIdentifier>
      <Extensions>rc;ico;cur;bmp;dlg;rc2;rct;bin;rgs;gif;jpg;jpeg;jpe;resx;tiff;tif;png;wav;mfcribbon-ms</Extensions>
    </Filter>
    <Filter Include="Document">
      <UniqueIdentifier>{8dd2db45-c723-43a2-a9ff-aafcd5232dfc}</UniqueIdentifier>
    </Filter>
    <Filter Include="Utils">
      <UniqueIdentifier>{783b6f13-50f3-42c9-a34f-9c45f363b981}</UniqueIdentifier>
    </Filter>
    <Filter Include="Commands">
      <UniqueIdentifier>{570f7def-7ecc-406a-86eb-194b45859b6f}</UniqueIdentifier>
    </Filter>
    <Filter Include="DocumentElements">
      <UniqueIdentifier>{7452aa31-222d-4cae-be4c-e31a5153b937}</UniqueIdentifier>
    </Filter>
    <Filter Include="Exception">
      <UniqueIdentifier>{d98eaf10-1c08-4a7b-833c-ce13e4eebb5e}</UniqueIdentifier>
    </Filter>
  </ItemGroup>
  <ItemGroup>
    <Text Include="ReadMe.txt" />
  </ItemGroup>
  <ItemGroup>
    <ClInclude Include="stdafx.h">
      <Filter>Заголовочные файлы</Filter>
    </ClInclude>
    <ClInclude Include="targetver.h">
      <Filter>Заголовочные файлы</Filter>
    </ClInclude>
    <ClInclude Include="Menu.h">
      <Filter>Заголовочные файлы</Filter>
    </ClInclude>
    <ClInclude Include="Editor.h">
      <Filter>Заголовочные файлы</Filter>
    </ClInclude>
    <ClInclude Include="Document.h">
      <Filter>Document</Filter>
    </ClInclude>
    <ClInclude Include="History.h">
      <Filter>Заголовочные файлы</Filter>
    </ClInclude>
    <ClInclude Include="InsertParagraphCommand.h">
      <Filter>Commands</Filter>
    </ClInclude>
    <ClInclude Include="AbstractCommand.h">
      <Filter>Commands</Filter>
    </ClInclude>
    <ClInclude Include="ChangeStringCommand.h">
      <Filter>Commands</Filter>
    </ClInclude>
    <ClInclude Include="ICommand.h">
      <Filter>Commands</Filter>
    </ClInclude>
    <ClInclude Include="ICommand_fwd.h">
      <Filter>Commands</Filter>
    </ClInclude>
    <ClInclude Include="IImage.h">
      <Filter>DocumentElements</Filter>
    </ClInclude>
    <ClInclude Include="IParagraph.h">
      <Filter>DocumentElements</Filter>
    </ClInclude>
    <ClInclude Include="Paragraph.h">
      <Filter>DocumentElements</Filter>
    </ClInclude>
    <ClInclude Include="IDocument.h">
      <Filter>Document</Filter>
    </ClInclude>
    <ClInclude Include="DocumentItem.h">
      <Filter>Document</Filter>
    </ClInclude>
    <ClInclude Include="DeleteItemCommand.h">
      <Filter>Commands</Filter>
    </ClInclude>
    <ClInclude Include="StreamUtils.h">
      <Filter>Utils</Filter>
    </ClInclude>
    <ClInclude Include="StreamParsingError.h">
      <Filter>Exception</Filter>
    </ClInclude>
    <ClInclude Include="HtmlExporter.h">
      <Filter>Заголовочные файлы</Filter>
    </ClInclude>
    <ClInclude Include="StringUtils.h">
      <Filter>Utils</Filter>
    </ClInclude>
    <ClInclude Include="InsertImageCommand.h">
      <Filter>Commands</Filter>
    </ClInclude>
    <ClInclude Include="Image.h">
      <Filter>DocumentElements</Filter>
    </ClInclude>
    <ClInclude Include="FileUtils.h">
      <Filter>Utils</Filter>
    </ClInclude>
    <ClInclude Include="ResizeImageCommand.h">
      <Filter>Commands</Filter>
    </ClInclude>
    <ClInclude Include="IHistory.h">
      <Filter>Заголовочные файлы</Filter>
    </ClInclude>
  </ItemGroup>
  <ItemGroup>
    <ClCompile Include="stdafx.cpp">
      <Filter>Файлы исходного кода</Filter>
    </ClCompile>
    <ClCompile Include="Menu.cpp">
      <Filter>Файлы исходного кода</Filter>
    </ClCompile>
    <ClCompile Include="Document.cpp">
      <Filter>Document</Filter>
    </ClCompile>
    <ClCompile Include="History.cpp">
      <Filter>Файлы исходного кода</Filter>
    </ClCompile>
    <ClCompile Include="Editor.cpp">
      <Filter>Файлы исходного кода</Filter>
    </ClCompile>
    <ClCompile Include="InsertParagraphCommand.cpp">
      <Filter>Commands</Filter>
    </ClCompile>
    <ClCompile Include="AbstractCommand.cpp">
      <Filter>Commands</Filter>
    </ClCompile>
    <ClCompile Include="ChangeStringCommand.cpp">
      <Filter>Commands</Filter>
    </ClCompile>
    <ClCompile Include="Paragraph.cpp">
      <Filter>DocumentElements</Filter>
    </ClCompile>
    <ClCompile Include="DocumentItem.cpp">
      <Filter>Document</Filter>
    </ClCompile>
    <ClCompile Include="Main.cpp">
      <Filter>Файлы исходного кода</Filter>
    </ClCompile>
    <ClCompile Include="DeleteItemCommand.cpp">
      <Filter>Commands</Filter>
    </ClCompile>
    <ClCompile Include="StreamUtils.cpp">
      <Filter>Utils</Filter>
    </ClCompile>
    <ClCompile Include="StreamParsingError.cpp">
      <Filter>Exception</Filter>
    </ClCompile>
    <ClCompile Include="HtmlExporter.cpp">
      <Filter>Файлы исходного кода</Filter>
    </ClCompile>
    <ClCompile Include="StringUtils.cpp">
      <Filter>Utils</Filter>
    </ClCompile>
    <ClCompile Include="InsertImageCommand.cpp">
      <Filter>Commands</Filter>
    </ClCompile>
    <ClCompile Include="Image.cpp">
      <Filter>DocumentElements</Filter>
    </ClCompile>
    <ClCompile Include="FileUtils.cpp">
      <Filter>Utils</Filter>
    </ClCompile>
    <ClCompile Include="ResizeImageCommand.cpp">
      <Filter>Commands</Filter>
    </ClCompile>
  </ItemGroup>
</Project>